// !$*UTF8*$!
{
	archiveVersion = 1;
	classes = {
	};
	objectVersion = 46;
	objects = {

/* Begin PBXBuildFile section */
		3BD853561F395FE800952D7F /* Assets.xcassets in Resources */ = {isa = PBXBuildFile; fileRef = 3BD853551F395FE800952D7F /* Assets.xcassets */; };
		3BD853591F395FE800952D7F /* LaunchScreen.storyboard in Resources */ = {isa = PBXBuildFile; fileRef = 3BD853571F395FE800952D7F /* LaunchScreen.storyboard */; };
		3BD853641F395FE900952D7F /* CocoaPodsModuleTests.swift in Sources */ = {isa = PBXBuildFile; fileRef = 3BD853631F395FE900952D7F /* CocoaPodsModuleTests.swift */; };
		3BD8536F1F395FE900952D7F /* CocoaPodsModuleUITests.swift in Sources */ = {isa = PBXBuildFile; fileRef = 3BD8536E1F395FE900952D7F /* CocoaPodsModuleUITests.swift */; };
		3BD8537F1F39611B00952D7F /* AppDelegate.swift in Sources */ = {isa = PBXBuildFile; fileRef = 3BD8537E1F39611B00952D7F /* AppDelegate.swift */; };
		3BD853811F39619D00952D7F /* MainViewController.swift in Sources */ = {isa = PBXBuildFile; fileRef = 3BD853801F39619D00952D7F /* MainViewController.swift */; };
		3BD853851F3963BD00952D7F /* SubVIewController.swift in Sources */ = {isa = PBXBuildFile; fileRef = 3BD853841F3963BD00952D7F /* SubVIewController.swift */; };
		3BD853871F3968C800952D7F /* main.swift in Sources */ = {isa = PBXBuildFile; fileRef = 3BD853861F3968C800952D7F /* main.swift */; };
/* End PBXBuildFile section */

/* Begin PBXContainerItemProxy section */
		3BD853601F395FE900952D7F /* PBXContainerItemProxy */ = {
			isa = PBXContainerItemProxy;
			containerPortal = 3BD853431F395FE800952D7F /* Project object */;
			proxyType = 1;
			remoteGlobalIDString = 3BD8534A1F395FE800952D7F;
			remoteInfo = CocoaPodsModule;
		};
		3BD8536B1F395FE900952D7F /* PBXContainerItemProxy */ = {
			isa = PBXContainerItemProxy;
			containerPortal = 3BD853431F395FE800952D7F /* Project object */;
			proxyType = 1;
			remoteGlobalIDString = 3BD8534A1F395FE800952D7F;
			remoteInfo = CocoaPodsModule;
		};
/* End PBXContainerItemProxy section */

/* Begin PBXFileReference section */
		3BD8534B1F395FE800952D7F /* CocoaPodsModule.app */ = {isa = PBXFileReference; explicitFileType = wrapper.application; includeInIndex = 0; path = CocoaPodsModule.app; sourceTree = BUILT_PRODUCTS_DIR; };
		3BD853551F395FE800952D7F /* Assets.xcassets */ = {isa = PBXFileReference; lastKnownFileType = folder.assetcatalog; path = Assets.xcassets; sourceTree = "<group>"; };
		3BD853581F395FE800952D7F /* Base */ = {isa = PBXFileReference; lastKnownFileType = file.storyboard; name = Base; path = Base.lproj/LaunchScreen.storyboard; sourceTree = "<group>"; };
		3BD8535A1F395FE800952D7F /* Info.plist */ = {isa = PBXFileReference; lastKnownFileType = text.plist.xml; path = Info.plist; sourceTree = "<group>"; };
		3BD8535F1F395FE900952D7F /* CocoaPodsModuleTests.xctest */ = {isa = PBXFileReference; explicitFileType = wrapper.cfbundle; includeInIndex = 0; path = CocoaPodsModuleTests.xctest; sourceTree = BUILT_PRODUCTS_DIR; };
		3BD853631F395FE900952D7F /* CocoaPodsModuleTests.swift */ = {isa = PBXFileReference; lastKnownFileType = sourcecode.swift; path = CocoaPodsModuleTests.swift; sourceTree = "<group>"; };
		3BD853651F395FE900952D7F /* Info.plist */ = {isa = PBXFileReference; lastKnownFileType = text.plist.xml; path = Info.plist; sourceTree = "<group>"; };
		3BD8536A1F395FE900952D7F /* CocoaPodsModuleUITests.xctest */ = {isa = PBXFileReference; explicitFileType = wrapper.cfbundle; includeInIndex = 0; path = CocoaPodsModuleUITests.xctest; sourceTree = BUILT_PRODUCTS_DIR; };
		3BD8536E1F395FE900952D7F /* CocoaPodsModuleUITests.swift */ = {isa = PBXFileReference; lastKnownFileType = sourcecode.swift; path = CocoaPodsModuleUITests.swift; sourceTree = "<group>"; };
		3BD853701F395FE900952D7F /* Info.plist */ = {isa = PBXFileReference; lastKnownFileType = text.plist.xml; path = Info.plist; sourceTree = "<group>"; };
		3BD8537E1F39611B00952D7F /* AppDelegate.swift */ = {isa = PBXFileReference; fileEncoding = 4; lastKnownFileType = sourcecode.swift; path = AppDelegate.swift; sourceTree = "<group>"; };
		3BD853801F39619D00952D7F /* MainViewController.swift */ = {isa = PBXFileReference; fileEncoding = 4; lastKnownFileType = sourcecode.swift; name = MainViewController.swift; path = Classes/MainViewController.swift; sourceTree = "<group>"; };
		3BD853841F3963BD00952D7F /* SubVIewController.swift */ = {isa = PBXFileReference; fileEncoding = 4; lastKnownFileType = sourcecode.swift; path = SubVIewController.swift; sourceTree = "<group>"; };
		3BD853861F3968C800952D7F /* main.swift */ = {isa = PBXFileReference; fileEncoding = 4; lastKnownFileType = sourcecode.swift; path = main.swift; sourceTree = "<group>"; };
/* End PBXFileReference section */

/* Begin PBXFrameworksBuildPhase section */
		3BD853481F395FE800952D7F /* Frameworks */ = {
			isa = PBXFrameworksBuildPhase;
			buildActionMask = 2147483647;
			files = (
			);
			runOnlyForDeploymentPostprocessing = 0;
		};
		3BD8535C1F395FE900952D7F /* Frameworks */ = {
			isa = PBXFrameworksBuildPhase;
			buildActionMask = 2147483647;
			files = (
			);
			runOnlyForDeploymentPostprocessing = 0;
		};
		3BD853671F395FE900952D7F /* Frameworks */ = {
			isa = PBXFrameworksBuildPhase;
			buildActionMask = 2147483647;
			files = (
			);
			runOnlyForDeploymentPostprocessing = 0;
		};
/* End PBXFrameworksBuildPhase section */

/* Begin PBXGroup section */
		3BD853421F395FE800952D7F = {
			isa = PBXGroup;
			children = (
				3BD8534D1F395FE800952D7F /* CocoaPodsModule */,
				3BD853621F395FE900952D7F /* CocoaPodsModuleTests */,
				3BD8536D1F395FE900952D7F /* CocoaPodsModuleUITests */,
				3BD8534C1F395FE800952D7F /* Products */,
			);
			sourceTree = "<group>";
		};
		3BD8534C1F395FE800952D7F /* Products */ = {
			isa = PBXGroup;
			children = (
				3BD8534B1F395FE800952D7F /* CocoaPodsModule.app */,
				3BD8535F1F395FE900952D7F /* CocoaPodsModuleTests.xctest */,
				3BD8536A1F395FE900952D7F /* CocoaPodsModuleUITests.xctest */,
			);
			name = Products;
			sourceTree = "<group>";
		};
		3BD8534D1F395FE800952D7F /* CocoaPodsModule */ = {
			isa = PBXGroup;
			children = (
				3BD853551F395FE800952D7F /* Assets.xcassets */,
				3BD853571F395FE800952D7F /* LaunchScreen.storyboard */,
				3BD8535A1F395FE800952D7F /* Info.plist */,
				3BD8537E1F39611B00952D7F /* AppDelegate.swift */,
				3BD853801F39619D00952D7F /* MainViewController.swift */,
				3BD853841F3963BD00952D7F /* SubVIewController.swift */,
				3BD853861F3968C800952D7F /* main.swift */,
			);
			path = CocoaPodsModule;
			sourceTree = "<group>";
		};
		3BD853621F395FE900952D7F /* CocoaPodsModuleTests */ = {
			isa = PBXGroup;
			children = (
				3BD853631F395FE900952D7F /* CocoaPodsModuleTests.swift */,
				3BD853651F395FE900952D7F /* Info.plist */,
			);
			path = CocoaPodsModuleTests;
			sourceTree = "<group>";
		};
		3BD8536D1F395FE900952D7F /* CocoaPodsModuleUITests */ = {
			isa = PBXGroup;
			children = (
				3BD8536E1F395FE900952D7F /* CocoaPodsModuleUITests.swift */,
				3BD853701F395FE900952D7F /* Info.plist */,
			);
			path = CocoaPodsModuleUITests;
			sourceTree = "<group>";
		};
/* End PBXGroup section */

/* Begin PBXNativeTarget section */
		3BD8534A1F395FE800952D7F /* CocoaPodsModule */ = {
			isa = PBXNativeTarget;
			buildConfigurationList = 3BD853731F395FE900952D7F /* Build configuration list for PBXNativeTarget "CocoaPodsModule" */;
			buildPhases = (
				3BD853471F395FE800952D7F /* Sources */,
				3BD853481F395FE800952D7F /* Frameworks */,
				3BD853491F395FE800952D7F /* Resources */,
			);
			buildRules = (
			);
			dependencies = (
			);
			name = CocoaPodsModule;
			productName = CocoaPodsModule;
			productReference = 3BD8534B1F395FE800952D7F /* CocoaPodsModule.app */;
			productType = "com.apple.product-type.application";
		};
		3BD8535E1F395FE900952D7F /* CocoaPodsModuleTests */ = {
			isa = PBXNativeTarget;
			buildConfigurationList = 3BD853761F395FE900952D7F /* Build configuration list for PBXNativeTarget "CocoaPodsModuleTests" */;
			buildPhases = (
				3BD8535B1F395FE900952D7F /* Sources */,
				3BD8535C1F395FE900952D7F /* Frameworks */,
				3BD8535D1F395FE900952D7F /* Resources */,
			);
			buildRules = (
			);
			dependencies = (
				3BD853611F395FE900952D7F /* PBXTargetDependency */,
			);
			name = CocoaPodsModuleTests;
			productName = CocoaPodsModuleTests;
			productReference = 3BD8535F1F395FE900952D7F /* CocoaPodsModuleTests.xctest */;
			productType = "com.apple.product-type.bundle.unit-test";
		};
		3BD853691F395FE900952D7F /* CocoaPodsModuleUITests */ = {
			isa = PBXNativeTarget;
			buildConfigurationList = 3BD853791F395FE900952D7F /* Build configuration list for PBXNativeTarget "CocoaPodsModuleUITests" */;
			buildPhases = (
				3BD853661F395FE900952D7F /* Sources */,
				3BD853671F395FE900952D7F /* Frameworks */,
				3BD853681F395FE900952D7F /* Resources */,
			);
			buildRules = (
			);
			dependencies = (
				3BD8536C1F395FE900952D7F /* PBXTargetDependency */,
			);
			name = CocoaPodsModuleUITests;
			productName = CocoaPodsModuleUITests;
			productReference = 3BD8536A1F395FE900952D7F /* CocoaPodsModuleUITests.xctest */;
			productType = "com.apple.product-type.bundle.ui-testing";
		};
/* End PBXNativeTarget section */

/* Begin PBXProject section */
		3BD853431F395FE800952D7F /* Project object */ = {
			isa = PBXProject;
			attributes = {
				LastSwiftUpdateCheck = 0830;
				LastUpgradeCheck = 0830;
				ORGANIZATIONNAME = n01351;
				TargetAttributes = {
					3BD8534A1F395FE800952D7F = {
						CreatedOnToolsVersion = 8.3.2;
						ProvisioningStyle = Automatic;
					};
					3BD8535E1F395FE900952D7F = {
						CreatedOnToolsVersion = 8.3.2;
						ProvisioningStyle = Automatic;
						TestTargetID = 3BD8534A1F395FE800952D7F;
					};
					3BD853691F395FE900952D7F = {
						CreatedOnToolsVersion = 8.3.2;
						ProvisioningStyle = Automatic;
						TestTargetID = 3BD8534A1F395FE800952D7F;
					};
				};
			};
			buildConfigurationList = 3BD853461F395FE800952D7F /* Build configuration list for PBXProject "CocoaPodsModule" */;
			compatibilityVersion = "Xcode 3.2";
			developmentRegion = English;
			hasScannedForEncodings = 0;
			knownRegions = (
				en,
				Base,
			);
			mainGroup = 3BD853421F395FE800952D7F;
			productRefGroup = 3BD8534C1F395FE800952D7F /* Products */;
			projectDirPath = "";
			projectRoot = "";
			targets = (
				3BD8534A1F395FE800952D7F /* CocoaPodsModule */,
				3BD8535E1F395FE900952D7F /* CocoaPodsModuleTests */,
				3BD853691F395FE900952D7F /* CocoaPodsModuleUITests */,
			);
		};
/* End PBXProject section */

/* Begin PBXResourcesBuildPhase section */
		3BD853491F395FE800952D7F /* Resources */ = {
			isa = PBXResourcesBuildPhase;
			buildActionMask = 2147483647;
			files = (
				3BD853591F395FE800952D7F /* LaunchScreen.storyboard in Resources */,
				3BD853561F395FE800952D7F /* Assets.xcassets in Resources */,
			);
			runOnlyForDeploymentPostprocessing = 0;
		};
		3BD8535D1F395FE900952D7F /* Resources */ = {
			isa = PBXResourcesBuildPhase;
			buildActionMask = 2147483647;
			files = (
			);
			runOnlyForDeploymentPostprocessing = 0;
		};
		3BD853681F395FE900952D7F /* Resources */ = {
			isa = PBXResourcesBuildPhase;
			buildActionMask = 2147483647;
			files = (
			);
			runOnlyForDeploymentPostprocessing = 0;
		};
/* End PBXResourcesBuildPhase section */

/* Begin PBXSourcesBuildPhase section */
		3BD853471F395FE800952D7F /* Sources */ = {
			isa = PBXSourcesBuildPhase;
			buildActionMask = 2147483647;
			files = (
				3BD8537F1F39611B00952D7F /* AppDelegate.swift in Sources */,
				3BD853871F3968C800952D7F /* main.swift in Sources */,
				3BD853811F39619D00952D7F /* MainViewController.swift in Sources */,
				3BD853851F3963BD00952D7F /* SubVIewController.swift in Sources */,
			);
			runOnlyForDeploymentPostprocessing = 0;
		};
		3BD8535B1F395FE900952D7F /* Sources */ = {
			isa = PBXSourcesBuildPhase;
			buildActionMask = 2147483647;
			files = (
				3BD853641F395FE900952D7F /* CocoaPodsModuleTests.swift in Sources */,
			);
			runOnlyForDeploymentPostprocessing = 0;
		};
		3BD853661F395FE900952D7F /* Sources */ = {
			isa = PBXSourcesBuildPhase;
			buildActionMask = 2147483647;
			files = (
				3BD8536F1F395FE900952D7F /* CocoaPodsModuleUITests.swift in Sources */,
			);
			runOnlyForDeploymentPostprocessing = 0;
		};
/* End PBXSourcesBuildPhase section */

/* Begin PBXTargetDependency section */
		3BD853611F395FE900952D7F /* PBXTargetDependency */ = {
			isa = PBXTargetDependency;
			target = 3BD8534A1F395FE800952D7F /* CocoaPodsModule */;
			targetProxy = 3BD853601F395FE900952D7F /* PBXContainerItemProxy */;
		};
		3BD8536C1F395FE900952D7F /* PBXTargetDependency */ = {
			isa = PBXTargetDependency;
			target = 3BD8534A1F395FE800952D7F /* CocoaPodsModule */;
			targetProxy = 3BD8536B1F395FE900952D7F /* PBXContainerItemProxy */;
		};
/* End PBXTargetDependency section */

/* Begin PBXVariantGroup section */
		3BD853571F395FE800952D7F /* LaunchScreen.storyboard */ = {
			isa = PBXVariantGroup;
			children = (
				3BD853581F395FE800952D7F /* Base */,
			);
			name = LaunchScreen.storyboard;
			sourceTree = "<group>";
		};
/* End PBXVariantGroup section */

/* Begin XCBuildConfiguration section */
		3BD853711F395FE900952D7F /* Debug */ = {
			isa = XCBuildConfiguration;
			buildSettings = {
				ALWAYS_SEARCH_USER_PATHS = NO;
				CLANG_ANALYZER_NONNULL = YES;
				CLANG_ANALYZER_NUMBER_OBJECT_CONVERSION = YES_AGGRESSIVE;
				CLANG_CXX_LANGUAGE_STANDARD = "gnu++0x";
				CLANG_CXX_LIBRARY = "libc++";
				CLANG_ENABLE_MODULES = YES;
				CLANG_ENABLE_OBJC_ARC = YES;
				CLANG_WARN_BOOL_CONVERSION = YES;
				CLANG_WARN_CONSTANT_CONVERSION = YES;
				CLANG_WARN_DIRECT_OBJC_ISA_USAGE = YES_ERROR;
				CLANG_WARN_DOCUMENTATION_COMMENTS = YES;
				CLANG_WARN_EMPTY_BODY = YES;
				CLANG_WARN_ENUM_CONVERSION = YES;
				CLANG_WARN_INFINITE_RECURSION = YES;
				CLANG_WARN_INT_CONVERSION = YES;
				CLANG_WARN_OBJC_ROOT_CLASS = YES_ERROR;
				CLANG_WARN_SUSPICIOUS_MOVE = YES;
				CLANG_WARN_UNREACHABLE_CODE = YES;
				CLANG_WARN__DUPLICATE_METHOD_MATCH = YES;
				"CODE_SIGN_IDENTITY[sdk=iphoneos*]" = "iPhone Developer";
				COPY_PHASE_STRIP = NO;
				DEBUG_INFORMATION_FORMAT = dwarf;
				ENABLE_STRICT_OBJC_MSGSEND = YES;
				ENABLE_TESTABILITY = YES;
				GCC_C_LANGUAGE_STANDARD = gnu99;
				GCC_DYNAMIC_NO_PIC = NO;
				GCC_NO_COMMON_BLOCKS = YES;
				GCC_OPTIMIZATION_LEVEL = 0;
				GCC_PREPROCESSOR_DEFINITIONS = (
					"DEBUG=1",
					"$(inherited)",
				);
				GCC_WARN_64_TO_32_BIT_CONVERSION = YES;
				GCC_WARN_ABOUT_RETURN_TYPE = YES_ERROR;
				GCC_WARN_UNDECLARED_SELECTOR = YES;
				GCC_WARN_UNINITIALIZED_AUTOS = YES_AGGRESSIVE;
				GCC_WARN_UNUSED_FUNCTION = YES;
				GCC_WARN_UNUSED_VARIABLE = YES;
				IPHONEOS_DEPLOYMENT_TARGET = 10.3;
				MTL_ENABLE_DEBUG_INFO = YES;
				ONLY_ACTIVE_ARCH = YES;
				SDKROOT = iphoneos;
				SWIFT_ACTIVE_COMPILATION_CONDITIONS = DEBUG;
				SWIFT_OPTIMIZATION_LEVEL = "-Onone";
				TARGETED_DEVICE_FAMILY = "1,2";
			};
			name = Debug;
		};
		3BD853721F395FE900952D7F /* Release */ = {
			isa = XCBuildConfiguration;
			buildSettings = {
				ALWAYS_SEARCH_USER_PATHS = NO;
				CLANG_ANALYZER_NONNULL = YES;
				CLANG_ANALYZER_NUMBER_OBJECT_CONVERSION = YES_AGGRESSIVE;
				CLANG_CXX_LANGUAGE_STANDARD = "gnu++0x";
				CLANG_CXX_LIBRARY = "libc++";
				CLANG_ENABLE_MODULES = YES;
				CLANG_ENABLE_OBJC_ARC = YES;
				CLANG_WARN_BOOL_CONVERSION = YES;
				CLANG_WARN_CONSTANT_CONVERSION = YES;
				CLANG_WARN_DIRECT_OBJC_ISA_USAGE = YES_ERROR;
				CLANG_WARN_DOCUMENTATION_COMMENTS = YES;
				CLANG_WARN_EMPTY_BODY = YES;
				CLANG_WARN_ENUM_CONVERSION = YES;
				CLANG_WARN_INFINITE_RECURSION = YES;
				CLANG_WARN_INT_CONVERSION = YES;
				CLANG_WARN_OBJC_ROOT_CLASS = YES_ERROR;
				CLANG_WARN_SUSPICIOUS_MOVE = YES;
				CLANG_WARN_UNREACHABLE_CODE = YES;
				CLANG_WARN__DUPLICATE_METHOD_MATCH = YES;
				"CODE_SIGN_IDENTITY[sdk=iphoneos*]" = "iPhone Developer";
				COPY_PHASE_STRIP = NO;
				DEBUG_INFORMATION_FORMAT = "dwarf-with-dsym";
				ENABLE_NS_ASSERTIONS = NO;
				ENABLE_STRICT_OBJC_MSGSEND = YES;
				GCC_C_LANGUAGE_STANDARD = gnu99;
				GCC_NO_COMMON_BLOCKS = YES;
				GCC_WARN_64_TO_32_BIT_CONVERSION = YES;
				GCC_WARN_ABOUT_RETURN_TYPE = YES_ERROR;
				GCC_WARN_UNDECLARED_SELECTOR = YES;
				GCC_WARN_UNINITIALIZED_AUTOS = YES_AGGRESSIVE;
				GCC_WARN_UNUSED_FUNCTION = YES;
				GCC_WARN_UNUSED_VARIABLE = YES;
				IPHONEOS_DEPLOYMENT_TARGET = 10.3;
				MTL_ENABLE_DEBUG_INFO = NO;
				SDKROOT = iphoneos;
				SWIFT_OPTIMIZATION_LEVEL = "-Owholemodule";
				TARGETED_DEVICE_FAMILY = "1,2";
				VALIDATE_PRODUCT = YES;
			};
			name = Release;
		};
		3BD853741F395FE900952D7F /* Debug */ = {
			isa = XCBuildConfiguration;
			buildSettings = {
				ASSETCATALOG_COMPILER_APPICON_NAME = AppIcon;
				INFOPLIST_FILE = CocoaPodsModule/Info.plist;
				LD_RUNPATH_SEARCH_PATHS = "$(inherited) @executable_path/Frameworks";
				PRODUCT_BUNDLE_IDENTIFIER = kokiyamada.CocoaPodsModule;
				PRODUCT_NAME = "$(TARGET_NAME)";
				SWIFT_VERSION = 3.0;
			};
			name = Debug;
		};
		3BD853751F395FE900952D7F /* Release */ = {
			isa = XCBuildConfiguration;
			buildSettings = {
				ASSETCATALOG_COMPILER_APPICON_NAME = AppIcon;
				INFOPLIST_FILE = CocoaPodsModule/Info.plist;
				LD_RUNPATH_SEARCH_PATHS = "$(inherited) @executable_path/Frameworks";
				PRODUCT_BUNDLE_IDENTIFIER = kokiyamada.CocoaPodsModule;
				PRODUCT_NAME = "$(TARGET_NAME)";
				SWIFT_VERSION = 3.0;
			};
			name = Release;
		};
		3BD853771F395FE900952D7F /* Debug */ = {
			isa = XCBuildConfiguration;
			buildSettings = {
				ALWAYS_EMBED_SWIFT_STANDARD_LIBRARIES = YES;
				BUNDLE_LOADER = "$(TEST_HOST)";
				INFOPLIST_FILE = CocoaPodsModuleTests/Info.plist;
				LD_RUNPATH_SEARCH_PATHS = "$(inherited) @executable_path/Frameworks @loader_path/Frameworks";
				PRODUCT_BUNDLE_IDENTIFIER = kokiyamada.CocoaPodsModuleTests;
				PRODUCT_NAME = "$(TARGET_NAME)";
				SWIFT_VERSION = 3.0;
				TEST_HOST = "$(BUILT_PRODUCTS_DIR)/CocoaPodsModule.app/CocoaPodsModule";
			};
			name = Debug;
		};
		3BD853781F395FE900952D7F /* Release */ = {
			isa = XCBuildConfiguration;
			buildSettings = {
				ALWAYS_EMBED_SWIFT_STANDARD_LIBRARIES = YES;
				BUNDLE_LOADER = "$(TEST_HOST)";
				INFOPLIST_FILE = CocoaPodsModuleTests/Info.plist;
				LD_RUNPATH_SEARCH_PATHS = "$(inherited) @executable_path/Frameworks @loader_path/Frameworks";
				PRODUCT_BUNDLE_IDENTIFIER = kokiyamada.CocoaPodsModuleTests;
				PRODUCT_NAME = "$(TARGET_NAME)";
				SWIFT_VERSION = 3.0;
				TEST_HOST = "$(BUILT_PRODUCTS_DIR)/CocoaPodsModule.app/CocoaPodsModule";
			};
			name = Release;
		};
		3BD8537A1F395FE900952D7F /* Debug */ = {
			isa = XCBuildConfiguration;
			buildSettings = {
				ALWAYS_EMBED_SWIFT_STANDARD_LIBRARIES = YES;
				INFOPLIST_FILE = CocoaPodsModuleUITests/Info.plist;
				LD_RUNPATH_SEARCH_PATHS = "$(inherited) @executable_path/Frameworks @loader_path/Frameworks";
				PRODUCT_BUNDLE_IDENTIFIER = kokiyamada.CocoaPodsModuleUITests;
				PRODUCT_NAME = "$(TARGET_NAME)";
				SWIFT_VERSION = 3.0;
				TEST_TARGET_NAME = CocoaPodsModule;
			};
			name = Debug;
		};
		3BD8537B1F395FE900952D7F /* Release */ = {
			isa = XCBuildConfiguration;
			buildSettings = {
				ALWAYS_EMBED_SWIFT_STANDARD_LIBRARIES = YES;
				INFOPLIST_FILE = CocoaPodsModuleUITests/Info.plist;
				LD_RUNPATH_SEARCH_PATHS = "$(inherited) @executable_path/Frameworks @loader_path/Frameworks";
				PRODUCT_BUNDLE_IDENTIFIER = kokiyamada.CocoaPodsModuleUITests;
				PRODUCT_NAME = "$(TARGET_NAME)";
				SWIFT_VERSION = 3.0;
				TEST_TARGET_NAME = CocoaPodsModule;
			};
			name = Release;
		};
/* End XCBuildConfiguration section */

/* Begin XCConfigurationList section */
		3BD853461F395FE800952D7F /* Build configuration list for PBXProject "CocoaPodsModule" */ = {
			isa = XCConfigurationList;
			buildConfigurations = (
				3BD853711F395FE900952D7F /* Debug */,
				3BD853721F395FE900952D7F /* Release */,
			);
			defaultConfigurationIsVisible = 0;
			defaultConfigurationName = Release;
		};
		3BD853731F395FE900952D7F /* Build configuration list for PBXNativeTarget "CocoaPodsModule" */ = {
			isa = XCConfigurationList;
			buildConfigurations = (
				3BD853741F395FE900952D7F /* Debug */,
				3BD853751F395FE900952D7F /* Release */,
			);
			defaultConfigurationIsVisible = 0;
		};
		3BD853761F395FE900952D7F /* Build configuration list for PBXNativeTarget "CocoaPodsModuleTests" */ = {
			isa = XCConfigurationList;
			buildConfigurations = (
				3BD853771F395FE900952D7F /* Debug */,
				3BD853781F395FE900952D7F /* Release */,
			);
			defaultConfigurationIsVisible = 0;
		};
		3BD853791F395FE900952D7F /* Build configuration list for PBXNativeTarget "CocoaPodsModuleUITests" */ = {
			isa = XCConfigurationList;
			buildConfigurations = (
				3BD8537A1F395FE900952D7F /* Debug */,
				3BD8537B1F395FE900952D7F /* Release */,
			);
			defaultConfigurationIsVisible = 0;
		};
/* End XCConfigurationList section */
	};
	rootObject = 3BD853431F395FE800952D7F /* Project object */;
}
